// !$*UTF8*$!
{
	archiveVersion = 1;
	classes = {
	};
	objectVersion = 50;
	objects = {

/* Begin PBXBuildFile section */
		436228F4242DADB7007E6E3A /* RoshamboButton.swift in Sources */ = {isa = PBXBuildFile; fileRef = 436228F3242DADB7007E6E3A /* RoshamboButton.swift */; };
		4376E6E92432D11B00A2EFA9 /* Element.swift in Sources */ = {isa = PBXBuildFile; fileRef = 4376E6E82432D11B00A2EFA9 /* Element.swift */; };
		4376E6EB2432D27D00A2EFA9 /* App.swift in Sources */ = {isa = PBXBuildFile; fileRef = 4376E6EA2432D27D00A2EFA9 /* App.swift */; };
		437C80722432E1BC00885215 /* View+Additions.swift in Sources */ = {isa = PBXBuildFile; fileRef = 437C80712432E1BC00885215 /* View+Additions.swift */; };
		43928668242EF72100B9A610 /* ChooseElementView.swift in Sources */ = {isa = PBXBuildFile; fileRef = 43928667242EF72100B9A610 /* ChooseElementView.swift */; };
		43BDE03F242AFE4C00A20EB5 /* AppDelegate.swift in Sources */ = {isa = PBXBuildFile; fileRef = 43BDE03E242AFE4C00A20EB5 /* AppDelegate.swift */; };
		43BDE041242AFE4C00A20EB5 /* SceneDelegate.swift in Sources */ = {isa = PBXBuildFile; fileRef = 43BDE040242AFE4C00A20EB5 /* SceneDelegate.swift */; };
		43BDE043242AFE4C00A20EB5 /* ContentView.swift in Sources */ = {isa = PBXBuildFile; fileRef = 43BDE042242AFE4C00A20EB5 /* ContentView.swift */; };
		43BDE045242AFE5500A20EB5 /* Assets.xcassets in Resources */ = {isa = PBXBuildFile; fileRef = 43BDE044242AFE5500A20EB5 /* Assets.xcassets */; };
		43BDE048242AFE5500A20EB5 /* Preview Assets.xcassets in Resources */ = {isa = PBXBuildFile; fileRef = 43BDE047242AFE5500A20EB5 /* Preview Assets.xcassets */; };
		43BDE04B242AFE5500A20EB5 /* LaunchScreen.storyboard in Resources */ = {isa = PBXBuildFile; fileRef = 43BDE049242AFE5500A20EB5 /* LaunchScreen.storyboard */; };
		43FA9577244239D100AF5D7A /* Player.swift in Sources */ = {isa = PBXBuildFile; fileRef = 43FA9576244239D100AF5D7A /* Player.swift */; };
		43FA95792442441300AF5D7A /* CopyCatPlayer.swift in Sources */ = {isa = PBXBuildFile; fileRef = 43FA95782442441300AF5D7A /* CopyCatPlayer.swift */; };
/* End PBXBuildFile section */

/* Begin PBXFileReference section */
		436228F3242DADB7007E6E3A /* RoshamboButton.swift */ = {isa = PBXFileReference; lastKnownFileType = sourcecode.swift; path = RoshamboButton.swift; sourceTree = "<group>"; };
		4376E6E82432D11B00A2EFA9 /* Element.swift */ = {isa = PBXFileReference; lastKnownFileType = sourcecode.swift; path = Element.swift; sourceTree = "<group>"; };
		4376E6EA2432D27D00A2EFA9 /* App.swift */ = {isa = PBXFileReference; lastKnownFileType = sourcecode.swift; path = App.swift; sourceTree = "<group>"; };
		437C80712432E1BC00885215 /* View+Additions.swift */ = {isa = PBXFileReference; lastKnownFileType = sourcecode.swift; path = "View+Additions.swift"; sourceTree = "<group>"; };
		43928667242EF72100B9A610 /* ChooseElementView.swift */ = {isa = PBXFileReference; lastKnownFileType = sourcecode.swift; path = ChooseElementView.swift; sourceTree = "<group>"; };
		43BDE03B242AFE4B00A20EB5 /* roshambo.app */ = {isa = PBXFileReference; explicitFileType = wrapper.application; includeInIndex = 0; path = roshambo.app; sourceTree = BUILT_PRODUCTS_DIR; };
		43BDE03E242AFE4C00A20EB5 /* AppDelegate.swift */ = {isa = PBXFileReference; lastKnownFileType = sourcecode.swift; path = AppDelegate.swift; sourceTree = "<group>"; };
		43BDE040242AFE4C00A20EB5 /* SceneDelegate.swift */ = {isa = PBXFileReference; lastKnownFileType = sourcecode.swift; path = SceneDelegate.swift; sourceTree = "<group>"; };
		43BDE042242AFE4C00A20EB5 /* ContentView.swift */ = {isa = PBXFileReference; lastKnownFileType = sourcecode.swift; path = ContentView.swift; sourceTree = "<group>"; };
		43BDE044242AFE5500A20EB5 /* Assets.xcassets */ = {isa = PBXFileReference; lastKnownFileType = folder.assetcatalog; path = Assets.xcassets; sourceTree = "<group>"; };
		43BDE047242AFE5500A20EB5 /* Preview Assets.xcassets */ = {isa = PBXFileReference; lastKnownFileType = folder.assetcatalog; path = "Preview Assets.xcassets"; sourceTree = "<group>"; };
		43BDE04A242AFE5500A20EB5 /* Base */ = {isa = PBXFileReference; lastKnownFileType = file.storyboard; name = Base; path = Base.lproj/LaunchScreen.storyboard; sourceTree = "<group>"; };
		43BDE04C242AFE5500A20EB5 /* Info.plist */ = {isa = PBXFileReference; lastKnownFileType = text.plist.xml; path = Info.plist; sourceTree = "<group>"; };
		43FA9576244239D100AF5D7A /* Player.swift */ = {isa = PBXFileReference; lastKnownFileType = sourcecode.swift; path = Player.swift; sourceTree = "<group>"; };
		43FA95782442441300AF5D7A /* CopyCatPlayer.swift */ = {isa = PBXFileReference; lastKnownFileType = sourcecode.swift; path = CopyCatPlayer.swift; sourceTree = "<group>"; };
/* End PBXFileReference section */

/* Begin PBXFrameworksBuildPhase section */
		43BDE038242AFE4B00A20EB5 /* Frameworks */ = {
			isa = PBXFrameworksBuildPhase;
			buildActionMask = 2147483647;
			files = (
			);
			runOnlyForDeploymentPostprocessing = 0;
		};
/* End PBXFrameworksBuildPhase section */

/* Begin PBXGroup section */
		43BDE032242AFE4B00A20EB5 = {
			isa = PBXGroup;
			children = (
				43BDE03D242AFE4B00A20EB5 /* roshambo */,
				43BDE03C242AFE4B00A20EB5 /* Products */,
			);
			sourceTree = "<group>";
		};
		43BDE03C242AFE4B00A20EB5 /* Products */ = {
			isa = PBXGroup;
			children = (
				43BDE03B242AFE4B00A20EB5 /* roshambo.app */,
			);
			name = Products;
			sourceTree = "<group>";
		};
		43BDE03D242AFE4B00A20EB5 /* roshambo */ = {
			isa = PBXGroup;
			children = (
				4376E6EA2432D27D00A2EFA9 /* App.swift */,
				43FA95782442441300AF5D7A /* CopyCatPlayer.swift */,
				43FA9576244239D100AF5D7A /* Player.swift */,
				43928667242EF72100B9A610 /* ChooseElementView.swift */,
				43BDE042242AFE4C00A20EB5 /* ContentView.swift */,
				4376E6E82432D11B00A2EFA9 /* Element.swift */,
				436228F3242DADB7007E6E3A /* RoshamboButton.swift */,
				43BDE044242AFE5500A20EB5 /* Assets.xcassets */,
				43BDE03E242AFE4C00A20EB5 /* AppDelegate.swift */,
				43BDE049242AFE5500A20EB5 /* LaunchScreen.storyboard */,
				43BDE040242AFE4C00A20EB5 /* SceneDelegate.swift */,
				43BDE04C242AFE5500A20EB5 /* Info.plist */,
				437C80712432E1BC00885215 /* View+Additions.swift */,
				43BDE046242AFE5500A20EB5 /* Preview Content */,
			);
			path = roshambo;
			sourceTree = "<group>";
		};
		43BDE046242AFE5500A20EB5 /* Preview Content */ = {
			isa = PBXGroup;
			children = (
				43BDE047242AFE5500A20EB5 /* Preview Assets.xcassets */,
			);
			path = "Preview Content";
			sourceTree = "<group>";
		};
/* End PBXGroup section */

/* Begin PBXNativeTarget section */
		43BDE03A242AFE4B00A20EB5 /* roshambo */ = {
			isa = PBXNativeTarget;
			buildConfigurationList = 43BDE04F242AFE5500A20EB5 /* Build configuration list for PBXNativeTarget "roshambo" */;
			buildPhases = (
				43BDE037242AFE4B00A20EB5 /* Sources */,
				43BDE038242AFE4B00A20EB5 /* Frameworks */,
				43BDE039242AFE4B00A20EB5 /* Resources */,
			);
			buildRules = (
			);
			dependencies = (
			);
			name = roshambo;
			productName = roshambo;
			productReference = 43BDE03B242AFE4B00A20EB5 /* roshambo.app */;
			productType = "com.apple.product-type.application";
		};
/* End PBXNativeTarget section */

/* Begin PBXProject section */
		43BDE033242AFE4B00A20EB5 /* Project object */ = {
			isa = PBXProject;
			attributes = {
				LastSwiftUpdateCheck = 1130;
				LastUpgradeCheck = 1130;
				ORGANIZATIONNAME = "Joshua Schmidt";
				TargetAttributes = {
					43BDE03A242AFE4B00A20EB5 = {
						CreatedOnToolsVersion = 11.3.1;
					};
				};
			};
			buildConfigurationList = 43BDE036242AFE4B00A20EB5 /* Build configuration list for PBXProject "roshambo" */;
			compatibilityVersion = "Xcode 9.3";
			developmentRegion = en;
			hasScannedForEncodings = 0;
			knownRegions = (
				en,
				Base,
			);
			mainGroup = 43BDE032242AFE4B00A20EB5;
			productRefGroup = 43BDE03C242AFE4B00A20EB5 /* Products */;
			projectDirPath = "";
			projectRoot = "";
			targets = (
				43BDE03A242AFE4B00A20EB5 /* roshambo */,
			);
		};
/* End PBXProject section */

/* Begin PBXResourcesBuildPhase section */
		43BDE039242AFE4B00A20EB5 /* Resources */ = {
			isa = PBXResourcesBuildPhase;
			buildActionMask = 2147483647;
			files = (
				43BDE04B242AFE5500A20EB5 /* LaunchScreen.storyboard in Resources */,
				43BDE048242AFE5500A20EB5 /* Preview Assets.xcassets in Resources */,
				43BDE045242AFE5500A20EB5 /* Assets.xcassets in Resources */,
			);
			runOnlyForDeploymentPostprocessing = 0;
		};
/* End PBXResourcesBuildPhase section */

/* Begin PBXSourcesBuildPhase section */
		43BDE037242AFE4B00A20EB5 /* Sources */ = {
			isa = PBXSourcesBuildPhase;
			buildActionMask = 2147483647;
			files = (
				4376E6EB2432D27D00A2EFA9 /* App.swift in Sources */,
				43BDE03F242AFE4C00A20EB5 /* AppDelegate.swift in Sources */,
				43BDE041242AFE4C00A20EB5 /* SceneDelegate.swift in Sources */,
				4376E6E92432D11B00A2EFA9 /* Element.swift in Sources */,
				43928668242EF72100B9A610 /* ChooseElementView.swift in Sources */,
				437C80722432E1BC00885215 /* View+Additions.swift in Sources */,
				43BDE043242AFE4C00A20EB5 /* ContentView.swift in Sources */,
				436228F4242DADB7007E6E3A /* RoshamboButton.swift in Sources */,
				43FA95792442441300AF5D7A /* CopyCatPlayer.swift in Sources */,
				43FA9577244239D100AF5D7A /* Player.swift in Sources */,
			);
			runOnlyForDeploymentPostprocessing = 0;
		};
/* End PBXSourcesBuildPhase section */

/* Begin PBXVariantGroup section */
		43BDE049242AFE5500A20EB5 /* LaunchScreen.storyboard */ = {
			isa = PBXVariantGroup;
			children = (
				43BDE04A242AFE5500A20EB5 /* Base */,
			);
			name = LaunchScreen.storyboard;
			sourceTree = "<group>";
		};
/* End PBXVariantGroup section */

/* Begin XCBuildConfiguration section */
		43BDE04D242AFE5500A20EB5 /* Debug */ = {
			isa = XCBuildConfiguration;
			buildSettings = {
				ALWAYS_SEARCH_USER_PATHS = NO;
				CLANG_ANALYZER_NONNULL = YES;
				CLANG_ANALYZER_NUMBER_OBJECT_CONVERSION = YES_AGGRESSIVE;
				CLANG_CXX_LANGUAGE_STANDARD = "gnu++14";
				CLANG_CXX_LIBRARY = "libc++";
				CLANG_ENABLE_MODULES = YES;
				CLANG_ENABLE_OBJC_ARC = YES;
				CLANG_ENABLE_OBJC_WEAK = YES;
				CLANG_WARN_BLOCK_CAPTURE_AUTORELEASING = YES;
				CLANG_WARN_BOOL_CONVERSION = YES;
				CLANG_WARN_COMMA = YES;
				CLANG_WARN_CONSTANT_CONVERSION = YES;
				CLANG_WARN_DEPRECATED_OBJC_IMPLEMENTATIONS = YES;
				CLANG_WARN_DIRECT_OBJC_ISA_USAGE = YES_ERROR;
				CLANG_WARN_DOCUMENTATION_COMMENTS = YES;
				CLANG_WARN_EMPTY_BODY = YES;
				CLANG_WARN_ENUM_CONVERSION = YES;
				CLANG_WARN_INFINITE_RECURSION = YES;
				CLANG_WARN_INT_CONVERSION = YES;
				CLANG_WARN_NON_LITERAL_NULL_CONVERSION = YES;
				CLANG_WARN_OBJC_IMPLICIT_RETAIN_SELF = YES;
				CLANG_WARN_OBJC_LITERAL_CONVERSION = YES;
				CLANG_WARN_OBJC_ROOT_CLASS = YES_ERROR;
				CLANG_WARN_RANGE_LOOP_ANALYSIS = YES;
				CLANG_WARN_STRICT_PROTOTYPES = YES;
				CLANG_WARN_SUSPICIOUS_MOVE = YES;
				CLANG_WARN_UNGUARDED_AVAILABILITY = YES_AGGRESSIVE;
				CLANG_WARN_UNREACHABLE_CODE = YES;
				CLANG_WARN__DUPLICATE_METHOD_MATCH = YES;
				COPY_PHASE_STRIP = NO;
				DEBUG_INFORMATION_FORMAT = dwarf;
				ENABLE_STRICT_OBJC_MSGSEND = YES;
				ENABLE_TESTABILITY = YES;
				GCC_C_LANGUAGE_STANDARD = gnu11;
				GCC_DYNAMIC_NO_PIC = NO;
				GCC_NO_COMMON_BLOCKS = YES;
				GCC_OPTIMIZATION_LEVEL = 0;
				GCC_PREPROCESSOR_DEFINITIONS = (
					"DEBUG=1",
					"$(inherited)",
				);
				GCC_WARN_64_TO_32_BIT_CONVERSION = YES;
				GCC_WARN_ABOUT_RETURN_TYPE = YES_ERROR;
				GCC_WARN_UNDECLARED_SELECTOR = YES;
				GCC_WARN_UNINITIALIZED_AUTOS = YES_AGGRESSIVE;
				GCC_WARN_UNUSED_FUNCTION = YES;
				GCC_WARN_UNUSED_VARIABLE = YES;
				IPHONEOS_DEPLOYMENT_TARGET = 13.2;
				MTL_ENABLE_DEBUG_INFO = INCLUDE_SOURCE;
				MTL_FAST_MATH = YES;
				ONLY_ACTIVE_ARCH = YES;
				SDKROOT = iphoneos;
				SWIFT_ACTIVE_COMPILATION_CONDITIONS = DEBUG;
				SWIFT_OPTIMIZATION_LEVEL = "-Onone";
			};
			name = Debug;
		};
		43BDE04E242AFE5500A20EB5 /* Release */ = {
			isa = XCBuildConfiguration;
			buildSettings = {
				ALWAYS_SEARCH_USER_PATHS = NO;
				CLANG_ANALYZER_NONNULL = YES;
				CLANG_ANALYZER_NUMBER_OBJECT_CONVERSION = YES_AGGRESSIVE;
				CLANG_CXX_LANGUAGE_STANDARD = "gnu++14";
				CLANG_CXX_LIBRARY = "libc++";
				CLANG_ENABLE_MODULES = YES;
				CLANG_ENABLE_OBJC_ARC = YES;
				CLANG_ENABLE_OBJC_WEAK = YES;
				CLANG_WARN_BLOCK_CAPTURE_AUTORELEASING = YES;
				CLANG_WARN_BOOL_CONVERSION = YES;
				CLANG_WARN_COMMA = YES;
				CLANG_WARN_CONSTANT_CONVERSION = YES;
				CLANG_WARN_DEPRECATED_OBJC_IMPLEMENTATIONS = YES;
				CLANG_WARN_DIRECT_OBJC_ISA_USAGE = YES_ERROR;
				CLANG_WARN_DOCUMENTATION_COMMENTS = YES;
				CLANG_WARN_EMPTY_BODY = YES;
				CLANG_WARN_ENUM_CONVERSION = YES;
				CLANG_WARN_INFINITE_RECURSION = YES;
				CLANG_WARN_INT_CONVERSION = YES;
				CLANG_WARN_NON_LITERAL_NULL_CONVERSION = YES;
				CLANG_WARN_OBJC_IMPLICIT_RETAIN_SELF = YES;
				CLANG_WARN_OBJC_LITERAL_CONVERSION = YES;
				CLANG_WARN_OBJC_ROOT_CLASS = YES_ERROR;
				CLANG_WARN_RANGE_LOOP_ANALYSIS = YES;
				CLANG_WARN_STRICT_PROTOTYPES = YES;
				CLANG_WARN_SUSPICIOUS_MOVE = YES;
				CLANG_WARN_UNGUARDED_AVAILABILITY = YES_AGGRESSIVE;
				CLANG_WARN_UNREACHABLE_CODE = YES;
				CLANG_WARN__DUPLICATE_METHOD_MATCH = YES;
				COPY_PHASE_STRIP = NO;
				DEBUG_INFORMATION_FORMAT = "dwarf-with-dsym";
				ENABLE_NS_ASSERTIONS = NO;
				ENABLE_STRICT_OBJC_MSGSEND = YES;
				GCC_C_LANGUAGE_STANDARD = gnu11;
				GCC_NO_COMMON_BLOCKS = YES;
				GCC_WARN_64_TO_32_BIT_CONVERSION = YES;
				GCC_WARN_ABOUT_RETURN_TYPE = YES_ERROR;
				GCC_WARN_UNDECLARED_SELECTOR = YES;
				GCC_WARN_UNINITIALIZED_AUTOS = YES_AGGRESSIVE;
				GCC_WARN_UNUSED_FUNCTION = YES;
				GCC_WARN_UNUSED_VARIABLE = YES;
				IPHONEOS_DEPLOYMENT_TARGET = 13.2;
				MTL_ENABLE_DEBUG_INFO = NO;
				MTL_FAST_MATH = YES;
				SDKROOT = iphoneos;
				SWIFT_COMPILATION_MODE = wholemodule;
				SWIFT_OPTIMIZATION_LEVEL = "-O";
				VALIDATE_PRODUCT = YES;
			};
			name = Release;
		};
		43BDE050242AFE5500A20EB5 /* Debug */ = {
			isa = XCBuildConfiguration;
			buildSettings = {
				ASSETCATALOG_COMPILER_APPICON_NAME = AppIcon;
				CODE_SIGN_STYLE = Automatic;
				DEVELOPMENT_ASSET_PATHS = "\"roshambo/Preview Content\"";
				ENABLE_PREVIEWS = YES;
				INFOPLIST_FILE = roshambo/Info.plist;
				LD_RUNPATH_SEARCH_PATHS = (
					"$(inherited)",
					"@executable_path/Frameworks",
				);
				PRODUCT_BUNDLE_IDENTIFIER = com.thenerdassassin.ios.roshambo;
				PRODUCT_NAME = "$(TARGET_NAME)";
				SWIFT_VERSION = 5.0;
				TARGETED_DEVICE_FAMILY = "1,2";
			};
			name = Debug;
		};
		43BDE051242AFE5500A20EB5 /* Release */ = {
			isa = XCBuildConfiguration;
			buildSettings = {
				ASSETCATALOG_COMPILER_APPICON_NAME = AppIcon;
				CODE_SIGN_STYLE = Automatic;
				DEVELOPMENT_ASSET_PATHS = "\"roshambo/Preview Content\"";
				ENABLE_PREVIEWS = YES;
				INFOPLIST_FILE = roshambo/Info.plist;
				LD_RUNPATH_SEARCH_PATHS = (
					"$(inherited)",
					"@executable_path/Frameworks",
				);
				PRODUCT_BUNDLE_IDENTIFIER = com.thenerdassassin.ios.roshambo;
				PRODUCT_NAME = "$(TARGET_NAME)";
				SWIFT_VERSION = 5.0;
				TARGETED_DEVICE_FAMILY = "1,2";
			};
			name = Release;
		};
/* End XCBuildConfiguration section */

/* Begin XCConfigurationList section */
		43BDE036242AFE4B00A20EB5 /* Build configuration list for PBXProject "roshambo" */ = {
			isa = XCConfigurationList;
			buildConfigurations = (
				43BDE04D242AFE5500A20EB5 /* Debug */,
				43BDE04E242AFE5500A20EB5 /* Release */,
			);
			defaultConfigurationIsVisible = 0;
			defaultConfigurationName = Release;
		};
		43BDE04F242AFE5500A20EB5 /* Build configuration list for PBXNativeTarget "roshambo" */ = {
			isa = XCConfigurationList;
			buildConfigurations = (
				43BDE050242AFE5500A20EB5 /* Debug */,
				43BDE051242AFE5500A20EB5 /* Release */,
			);
			defaultConfigurationIsVisible = 0;
			defaultConfigurationName = Release;
		};
/* End XCConfigurationList section */
	};
	rootObject = 43BDE033242AFE4B00A20EB5 /* Project object */;
}
